
Microsoft Visual Studio Solution File, Format Version 12.00
# Visual Studio 15
VisualStudioVersion = 15.0.28307.329
MinimumVisualStudioVersion = 10.0.40219.1
Project("{9A19103F-16F7-4668-BE54-9A1E7A4F7556}") = "Seq.App.aspsms", "src\Seq.App.aspsms\Seq.App.aspsms.csproj", "{C618F52C-9552-43E2-A55D-D48C147D1544}"
EndProject
Project("{9A19103F-16F7-4668-BE54-9A1E7A4F7556}") = "Seq.App.aspsms.Test", "src\Seq.App.aspsms.Test\Seq.App.aspsms.Test.csproj", "{295F96A9-3134-4D8A-82F4-8B497C3BC9C4}"
EndProject
Project("{2150E333-8FDC-42A3-9474-1A3956D46DE8}") = "Solution Items", "Solution Items", "{88D245C1-C990-4358-BD7F-934726CDE9F2}"
	ProjectSection(SolutionItems) = preProject
		.gitattributes = .gitattributes
		.gitignore = .gitignore
		changelog.txt = changelog.txt
		LICENSE = LICENSE
		README.md = README.md
	EndProjectSection
EndProject
Global
	GlobalSection(SolutionConfigurationPlatforms) = preSolution
		Debug|Any CPU = Debug|Any CPU
		Release|Any CPU = Release|Any CPU
	EndGlobalSection
	GlobalSection(ProjectConfigurationPlatforms) = postSolution
		{C618F52C-9552-43E2-A55D-D48C147D1544}.Debug|Any CPU.ActiveCfg = Debug|Any CPU
		{C618F52C-9552-43E2-A55D-D48C147D1544}.Debug|Any CPU.Build.0 = Debug|Any CPU
		{C618F52C-9552-43E2-A55D-D48C147D1544}.Release|Any CPU.ActiveCfg = Release|Any CPU
		{C618F52C-9552-43E2-A55D-D48C147D1544}.Release|Any CPU.Build.0 = Release|Any CPU
		{295F96A9-3134-4D8A-82F4-8B497C3BC9C4}.Debug|Any CPU.ActiveCfg = Debug|Any CPU
		{295F96A9-3134-4D8A-82F4-8B497C3BC9C4}.Debug|Any CPU.Build.0 = Debug|Any CPU
		{295F96A9-3134-4D8A-82F4-8B497C3BC9C4}.Release|Any CPU.ActiveCfg = Release|Any CPU
		{295F96A9-3134-4D8A-82F4-8B497C3BC9C4}.Release|Any CPU.Build.0 = Release|Any CPU
	EndGlobalSection
	GlobalSection(SolutionProperties) = preSolution
		HideSolutionNode = FALSE
	EndGlobalSection
	GlobalSection(ExtensibilityGlobals) = postSolution
		SolutionGuid = {D07CB526-BE65-4EF0-A33A-F8E1A5B06B81}
	EndGlobalSection
EndGlobal
